{
  "name": "monitor",
  "version": "1.0.0",
  "lockfileVersion": 2,
  "requires": true,
  "packages": {
    "": {
      "name": "monitor",
      "version": "1.0.0",
      "license": "ISC",
      "workspaces": [
        "packages\\core",
        "packages\\browser",
        "packages\\utils",
        "packages\\types"
      ],
      "dependencies": {
        "bowser": "^2.11.0",
        "ua-parser-js": "^1.0.2",
        "web-vitals": "^2.1.4"
      },
      "devDependencies": {}
    },
    "node_modules/@monitor/browser": {
      "resolved": "packages/browser",
      "link": true
    },
    "node_modules/@monitor/core": {
      "resolved": "packages/core",
      "link": true
    },
    "node_modules/@monitor/types": {
      "resolved": "packages/types",
      "link": true
    },
    "node_modules/@monitor/utils": {
      "resolved": "packages/utils",
      "link": true
    },
    "node_modules/bowser": {
      "version": "2.11.0",
      "resolved": "https://registry.npmjs.org/bowser/-/bowser-2.11.0.tgz",
      "integrity": "sha512-AlcaJBi/pqqJBIQ8U9Mcpc9i8Aqxn88Skv5d+xBX006BY5u8N3mGLHa5Lgppa7L/HfwgwLgZ6NYs+Ag6uUmJRA=="
    },
    "node_modules/ua-parser-js": {
      "version": "1.0.2",
      "resolved": "https://registry.npmjs.org/ua-parser-js/-/ua-parser-js-1.0.2.tgz",
      "integrity": "sha512-00y/AXhx0/SsnI51fTc0rLRmafiGOM4/O+ny10Ps7f+j/b8p/ZY11ytMgznXkOVo4GQ+KwQG5UQLkLGirsACRg==",
      "funding": [
        {
          "type": "opencollective",
          "url": "https://opencollective.com/ua-parser-js"
        },
        {
          "type": "paypal",
          "url": "https://paypal.me/faisalman"
        }
      ],
      "engines": {
        "node": "*"
      }
    },
    "node_modules/web-vitals": {
      "version": "2.1.4",
      "resolved": "https://registry.npmjs.org/web-vitals/-/web-vitals-2.1.4.tgz",
      "integrity": "sha512-sVWcwhU5mX6crfI5Vd2dC4qchyTqxV8URinzt25XqVh+bHEPGH4C3NPrNionCP7Obx59wrYEbNlw4Z8sjALzZg=="
    },
    "packages/browser": {
      "name": "@monitor/browser",
      "version": "1.0.0",
      "license": "ISC",
      "devDependencies": {}
    },
    "packages/core": {
      "name": "@monitor/core",
      "version": "1.0.0",
      "license": "ISC",
      "devDependencies": {}
    },
    "packages/types": {
      "name": "@monitor/types",
      "version": "1.0.0",
      "license": "ISC",
      "devDependencies": {}
    },
    "packages/utils": {
      "name": "@monitor/utils",
      "version": "1.0.0",
      "license": "ISC",
      "devDependencies": {}
    },
    "packages/web": {
      "name": "@monitor/web",
      "version": "1.0.0",
      "extraneous": true,
      "license": "ISC",
      "devDependencies": {}
    },
    "packages/wx": {
      "version": "1.0.0",
      "extraneous": true,
      "license": "ISC",
      "devDependencies": {}
    }
  },
  "dependencies": {
    "@monitor/browser": {
      "version": "file:packages/browser"
    },
    "@monitor/core": {
      "version": "file:packages/core"
    },
    "@monitor/types": {
      "version": "file:packages/types"
    },
    "@monitor/utils": {
      "version": "file:packages/utils"
    },
    "bowser": {
      "version": "2.11.0",
      "resolved": "https://registry.npmjs.org/bowser/-/bowser-2.11.0.tgz",
      "integrity": "sha512-AlcaJBi/pqqJBIQ8U9Mcpc9i8Aqxn88Skv5d+xBX006BY5u8N3mGLHa5Lgppa7L/HfwgwLgZ6NYs+Ag6uUmJRA=="
    },
    "ua-parser-js": {
      "version": "1.0.2",
      "resolved": "https://registry.npmjs.org/ua-parser-js/-/ua-parser-js-1.0.2.tgz",
      "integrity": "sha512-00y/AXhx0/SsnI51fTc0rLRmafiGOM4/O+ny10Ps7f+j/b8p/ZY11ytMgznXkOVo4GQ+KwQG5UQLkLGirsACRg=="
    },
    "web-vitals": {
      "version": "2.1.4",
      "resolved": "https://registry.npmjs.org/web-vitals/-/web-vitals-2.1.4.tgz",
      "integrity": "sha512-sVWcwhU5mX6crfI5Vd2dC4qchyTqxV8URinzt25XqVh+bHEPGH4C3NPrNionCP7Obx59wrYEbNlw4Z8sjALzZg=="
    }
  }
}
