{
  "name": "monitor",
  "version": "1.0.0",
  "lockfileVersion": 2,
  "requires": true,
  "packages": {
    "": {
      "name": "monitor",
      "version": "1.0.0",
      "license": "ISC",
      "workspaces": [
        "packages\\core",
        "packages\\browser",
        "packages\\utils",
        "packages\\types"
      ]
    },
    "node_modules/@monitor/browser": {
      "resolved": "packages/browser",
      "link": true
    },
    "node_modules/@monitor/core": {
      "resolved": "packages/core",
      "link": true
    },
    "node_modules/@monitor/types": {
      "resolved": "packages/types",
      "link": true
    },
    "node_modules/@monitor/utils": {
      "resolved": "packages/utils",
      "link": true
    },
    "packages/browser": {
      "name": "@monitor/browser",
      "version": "1.0.0",
      "license": "ISC",
      "devDependencies": {}
    },
    "packages/core": {
      "name": "@monitor/core",
      "version": "1.0.0",
      "license": "ISC",
      "devDependencies": {}
    },
    "packages/types": {
      "version": "1.0.0",
      "license": "ISC",
      "devDependencies": {}
    },
    "packages/utils": {
      "name": "@monitor/utils",
      "version": "1.0.0",
      "license": "ISC",
      "devDependencies": {}
    },
    "packages/web": {
      "name": "@monitor/web",
      "version": "1.0.0",
      "extraneous": true,
      "license": "ISC",
      "devDependencies": {}
    },
    "packages/wx": {
      "version": "1.0.0",
      "extraneous": true,
      "license": "ISC",
      "devDependencies": {}
    }
  },
  "dependencies": {
    "@monitor/browser": {
      "version": "file:packages/browser"
    },
    "@monitor/core": {
      "version": "file:packages/core"
    },
    "@monitor/types": {
      "version": "file:packages/types"
    },
    "@monitor/utils": {
      "version": "file:packages/utils"
    }
  }
}
