{
  "name": "monitor",
  "version": "1.0.0",
  "lockfileVersion": 2,
  "requires": true,
  "packages": {
    "": {
      "name": "monitor",
      "version": "1.0.0",
      "license": "ISC",
      "workspaces": [
        "packages\\core",
        "packages\\utils",
        "packages\\web"
      ]
    },
    "node_modules/@monitor/core": {
      "resolved": "packages/core",
      "link": true
    },
    "node_modules/@monitor/utils": {
      "resolved": "packages/utils",
      "link": true
    },
    "node_modules/@monitor/web": {
      "resolved": "packages/web",
      "link": true
    },
    "packages/core": {
      "name": "@monitor/core",
      "version": "1.0.0",
      "license": "ISC",
      "devDependencies": {}
    },
    "packages/utils": {
      "name": "@monitor/utils",
      "version": "1.0.0",
      "license": "ISC",
      "devDependencies": {}
    },
    "packages/web": {
      "name": "@monitor/web",
      "version": "1.0.0",
      "license": "ISC",
      "devDependencies": {}
    },
    "packages/wx": {
      "version": "1.0.0",
      "extraneous": true,
      "license": "ISC",
      "devDependencies": {}
    }
  },
  "dependencies": {
    "@monitor/core": {
      "version": "file:packages/core"
    },
    "@monitor/utils": {
      "version": "file:packages/utils"
    },
    "@monitor/web": {
      "version": "file:packages/web"
    }
  }
}
